// !$*UTF8*$!
{
	archiveVersion = 1;
	classes = {
	};
	objectVersion = 77;
	objects = {

/* Begin PBXContainerItemProxy section */
		E74D25642F1581FD00D425AB /* PBXContainerItemProxy */ = {
			isa = PBXContainerItemProxy;
			containerPortal = E74D254B2F1581FB00D425AB /* Project object */;
			proxyType = 1;
			remoteGlobalIDString = E74D25522F1581FB00D425AB;
			remoteInfo = WordGarden;
		};
		E74D256E2F1581FD00D425AB /* PBXContainerItemProxy */ = {
			isa = PBXContainerItemProxy;
			containerPortal = E74D254B2F1581FB00D425AB /* Project object */;
			proxyType = 1;
			remoteGlobalIDString = E74D25522F1581FB00D425AB;
			remoteInfo = WordGarden;
		};
/* End PBXContainerItemProxy section */

/* Begin PBXFileReference section */
		E74D25532F1581FB00D425AB /* WordGarden.app */ = {isa = PBXFileReference; explicitFileType = wrapper.application; includeInIndex = 0; path = WordGarden.app; sourceTree = BUILT_PRODUCTS_DIR; };
		E74D25632F1581FD00D425AB /* WordGardenTests.xctest */ = {isa = PBXFileReference; explicitFileType = wrapper.cfbundle; includeInIndex = 0; path = WordGardenTests.xctest; sourceTree = BUILT_PRODUCTS_DIR; };
		E74D256D2F1581FD00D425AB /* WordGardenUITests.xctest */ = {isa = PBXFileReference; explicitFileType = wrapper.cfbundle; includeInIndex = 0; path = WordGardenUITests.xctest; sourceTree = BUILT_PRODUCTS_DIR; };
/* End PBXFileReference section */

/* Begin PBXFileSystemSynchronizedBuildFileExceptionSet section */
		E7033FFD2F181A2100498EE8 /* Exceptions for "WordGarden" folder in "WordGarden" target */ = {
			isa = PBXFileSystemSynchronizedBuildFileExceptionSet;
			membershipExceptions = (
				Info.plist,
			);
			target = E74D25522F1581FB00D425AB /* WordGarden */;
		};
/* End PBXFileSystemSynchronizedBuildFileExceptionSet section */

/* Begin PBXFileSystemSynchronizedRootGroup section */
		E74D25552F1581FB00D425AB /* WordGarden */ = {
			isa = PBXFileSystemSynchronizedRootGroup;
			exceptions = (
				E7033FFD2F181A2100498EE8 /* Exceptions for "WordGarden" folder in "WordGarden" target */,
			);
			path = WordGarden;
			sourceTree = "<group>";
		};
		E74D25662F1581FD00D425AB /* WordGardenTests */ = {
			isa = PBXFileSystemSynchronizedRootGroup;
			path = WordGardenTests;
			sourceTree = "<group>";
		};
		E74D25702F1581FD00D425AB /* WordGardenUITests */ = {
			isa = PBXFileSystemSynchronizedRootGroup;
			path = WordGardenUITests;
			sourceTree = "<group>";
		};
/* End PBXFileSystemSynchronizedRootGroup section */

/* Begin PBXFrameworksBuildPhase section */
		E74D25502F1581FB00D425AB /* Frameworks */ = {
			isa = PBXFrameworksBuildPhase;
			buildActionMask = 2147483647;
			files = (
			);
			runOnlyForDeploymentPostprocessing = 0;
		};
		E74D25602F1581FD00D425AB /* Frameworks */ = {
			isa = PBXFrameworksBuildPhase;
			buildActionMask = 2147483647;
			files = (
			);
			runOnlyForDeploymentPostprocessing = 0;
		};
		E74D256A2F1581FD00D425AB /* Frameworks */ = {
			isa = PBXFrameworksBuildPhase;
			buildActionMask = 2147483647;
			files = (
			);
			runOnlyForDeploymentPostprocessing = 0;
		};
/* End PBXFrameworksBuildPhase section */

/* Begin PBXGroup section */
		E74D254A2F1581FB00D425AB = {
			isa = PBXGroup;
			children = (
				E74D25552F1581FB00D425AB /* WordGarden */,
				E74D25662F1581FD00D425AB /* WordGardenTests */,
				E74D25702F1581FD00D425AB /* WordGardenUITests */,
				E74D25542F1581FB00D425AB /* Products */,
			);
			sourceTree = "<group>";
		};
		E74D25542F1581FB00D425AB /* Products */ = {
			isa = PBXGroup;
			children = (
				E74D25532F1581FB00D425AB /* WordGarden.app */,
				E74D25632F1581FD00D425AB /* WordGardenTests.xctest */,
				E74D256D2F1581FD00D425AB /* WordGardenUITests.xctest */,
			);
			name = Products;
			sourceTree = "<group>";
		};
/* End PBXGroup section */

/* Begin PBXNativeTarget section */
		E74D25522F1581FB00D425AB /* WordGarden */ = {
			isa = PBXNativeTarget;
			buildConfigurationList = E74D25772F1581FD00D425AB /* Build configuration list for PBXNativeTarget "WordGarden" */;
			buildPhases = (
				E74D254F2F1581FB00D425AB /* Sources */,
				E74D25502F1581FB00D425AB /* Frameworks */,
				E74D25512F1581FB00D425AB /* Resources */,
			);
			buildRules = (
			);
			dependencies = (
			);
			fileSystemSynchronizedGroups = (
				E74D25552F1581FB00D425AB /* WordGarden */,
			);
			name = WordGarden;
			packageProductDependencies = (
			);
			productName = WordGarden;
			productReference = E74D25532F1581FB00D425AB /* WordGarden.app */;
			productType = "com.apple.product-type.application";
		};
		E74D25622F1581FD00D425AB /* WordGardenTests */ = {
			isa = PBXNativeTarget;
			buildConfigurationList = E74D257A2F1581FD00D425AB /* Build configuration list for PBXNativeTarget "WordGardenTests" */;
			buildPhases = (
				E74D255F2F1581FD00D425AB /* Sources */,
				E74D25602F1581FD00D425AB /* Frameworks */,
				E74D25612F1581FD00D425AB /* Resources */,
			);
			buildRules = (
			);
			dependencies = (
				E74D25652F1581FD00D425AB /* PBXTargetDependency */,
			);
			fileSystemSynchronizedGroups = (
				E74D25662F1581FD00D425AB /* WordGardenTests */,
			);
			name = WordGardenTests;
			packageProductDependencies = (
			);
			productName = WordGardenTests;
			productReference = E74D25632F1581FD00D425AB /* WordGardenTests.xctest */;
			productType = "com.apple.product-type.bundle.unit-test";
		};
		E74D256C2F1581FD00D425AB /* WordGardenUITests */ = {
			isa = PBXNativeTarget;
			buildConfigurationList = E74D257D2F1581FD00D425AB /* Build configuration list for PBXNativeTarget "WordGardenUITests" */;
			buildPhases = (
				E74D25692F1581FD00D425AB /* Sources */,
				E74D256A2F1581FD00D425AB /* Frameworks */,
				E74D256B2F1581FD00D425AB /* Resources */,
			);
			buildRules = (
			);
			dependencies = (
				E74D256F2F1581FD00D425AB /* PBXTargetDependency */,
			);
			fileSystemSynchronizedGroups = (
				E74D25702F1581FD00D425AB /* WordGardenUITests */,
			);
			name = WordGardenUITests;
			packageProductDependencies = (
			);
			productName = WordGardenUITests;
			productReference = E74D256D2F1581FD00D425AB /* WordGardenUITests.xctest */;
			productType = "com.apple.product-type.bundle.ui-testing";
		};
/* End PBXNativeTarget section */

/* Begin PBXProject section */
		E74D254B2F1581FB00D425AB /* Project object */ = {
			isa = PBXProject;
			attributes = {
				BuildIndependentTargetsInParallel = 1;
				LastSwiftUpdateCheck = 1620;
				LastUpgradeCheck = 1620;
				TargetAttributes = {
					E74D25522F1581FB00D425AB = {
						CreatedOnToolsVersion = 16.2;
					};
					E74D25622F1581FD00D425AB = {
						CreatedOnToolsVersion = 16.2;
						TestTargetID = E74D25522F1581FB00D425AB;
					};
					E74D256C2F1581FD00D425AB = {
						CreatedOnToolsVersion = 16.2;
						TestTargetID = E74D25522F1581FB00D425AB;
					};
				};
			};
			buildConfigurationList = E74D254E2F1581FB00D425AB /* Build configuration list for PBXProject "WordGarden" */;
			developmentRegion = en;
			hasScannedForEncodings = 0;
			knownRegions = (
				en,
				Base,
			);
			mainGroup = E74D254A2F1581FB00D425AB;
			minimizedProjectReferenceProxies = 1;
			preferredProjectObjectVersion = 77;
			productRefGroup = E74D25542F1581FB00D425AB /* Products */;
			projectDirPath = "";
			projectRoot = "";
			targets = (
				E74D25522F1581FB00D425AB /* WordGarden */,
				E74D25622F1581FD00D425AB /* WordGardenTests */,
				E74D256C2F1581FD00D425AB /* WordGardenUITests */,
			);
		};
/* End PBXProject section */

/* Begin PBXResourcesBuildPhase section */
		E74D25512F1581FB00D425AB /* Resources */ = {
			isa = PBXResourcesBuildPhase;
			buildActionMask = 2147483647;
			files = (
			);
			runOnlyForDeploymentPostprocessing = 0;
		};
		E74D25612F1581FD00D425AB /* Resources */ = {
			isa = PBXResourcesBuildPhase;
			buildActionMask = 2147483647;
			files = (
			);
			runOnlyForDeploymentPostprocessing = 0;
		};
		E74D256B2F1581FD00D425AB /* Resources */ = {
			isa = PBXResourcesBuildPhase;
			buildActionMask = 2147483647;
			files = (
			);
			runOnlyForDeploymentPostprocessing = 0;
		};
/* End PBXResourcesBuildPhase section */

/* Begin PBXSourcesBuildPhase section */
		E74D254F2F1581FB00D425AB /* Sources */ = {
			isa = PBXSourcesBuildPhase;
			buildActionMask = 2147483647;
			files = (
			);
			runOnlyForDeploymentPostprocessing = 0;
		};
		E74D255F2F1581FD00D425AB /* Sources */ = {
			isa = PBXSourcesBuildPhase;
			buildActionMask = 2147483647;
			files = (
			);
			runOnlyForDeploymentPostprocessing = 0;
		};
		E74D25692F1581FD00D425AB /* Sources */ = {
			isa = PBXSourcesBuildPhase;
			buildActionMask = 2147483647;
			files = (
			);
			runOnlyForDeploymentPostprocessing = 0;
		};
/* End PBXSourcesBuildPhase section */

/* Begin PBXTargetDependency section */
		E74D25652F1581FD00D425AB /* PBXTargetDependency */ = {
			isa = PBXTargetDependency;
			target = E74D25522F1581FB00D425AB /* WordGarden */;
			targetProxy = E74D25642F1581FD00D425AB /* PBXContainerItemProxy */;
		};
		E74D256F2F1581FD00D425AB /* PBXTargetDependency */ = {
			isa = PBXTargetDependency;
			target = E74D25522F1581FB00D425AB /* WordGarden */;
			targetProxy = E74D256E2F1581FD00D425AB /* PBXContainerItemProxy */;
		};
/* End PBXTargetDependency section */

/* Begin XCBuildConfiguration section */
		E74D25752F1581FD00D425AB /* Debug */ = {
			isa = XCBuildConfiguration;
			buildSettings = {
				ALWAYS_SEARCH_USER_PATHS = NO;
				ASSETCATALOG_COMPILER_GENERATE_SWIFT_ASSET_SYMBOL_EXTENSIONS = YES;
				CLANG_ANALYZER_NONNULL = YES;
				CLANG_ANALYZER_NUMBER_OBJECT_CONVERSION = YES_AGGRESSIVE;
				CLANG_CXX_LANGUAGE_STANDARD = "gnu++20";
				CLANG_ENABLE_MODULES = YES;
				CLANG_ENABLE_OBJC_ARC = YES;
				CLANG_ENABLE_OBJC_WEAK = YES;
				CLANG_WARN_BLOCK_CAPTURE_AUTORELEASING = YES;
				CLANG_WARN_BOOL_CONVERSION = YES;
				CLANG_WARN_COMMA = YES;
				CLANG_WARN_CONSTANT_CONVERSION = YES;
				CLANG_WARN_DEPRECATED_OBJC_IMPLEMENTATIONS = YES;
				CLANG_WARN_DIRECT_OBJC_ISA_USAGE = YES_ERROR;
				CLANG_WARN_DOCUMENTATION_COMMENTS = YES;
				CLANG_WARN_EMPTY_BODY = YES;
				CLANG_WARN_ENUM_CONVERSION = YES;
				CLANG_WARN_INFINITE_RECURSION = YES;
				CLANG_WARN_INT_CONVERSION = YES;
				CLANG_WARN_NON_LITERAL_NULL_CONVERSION = YES;
				CLANG_WARN_OBJC_IMPLICIT_RETAIN_SELF = YES;
				CLANG_WARN_OBJC_LITERAL_CONVERSION = YES;
				CLANG_WARN_OBJC_ROOT_CLASS = YES_ERROR;
				CLANG_WARN_QUOTED_INCLUDE_IN_FRAMEWORK_HEADER = YES;
				CLANG_WARN_RANGE_LOOP_ANALYSIS = YES;
				CLANG_WARN_STRICT_PROTOTYPES = YES;
				CLANG_WARN_SUSPICIOUS_MOVE = YES;
				CLANG_WARN_UNGUARDED_AVAILABILITY = YES_AGGRESSIVE;
				CLANG_WARN_UNREACHABLE_CODE = YES;
				CLANG_WARN__DUPLICATE_METHOD_MATCH = YES;
				COPY_PHASE_STRIP = NO;
				DEBUG_INFORMATION_FORMAT = dwarf;
				ENABLE_STRICT_OBJC_MSGSEND = YES;
				ENABLE_TESTABILITY = YES;
				ENABLE_USER_SCRIPT_SANDBOXING = YES;
				GCC_C_LANGUAGE_STANDARD = gnu17;
				GCC_DYNAMIC_NO_PIC = NO;
				GCC_NO_COMMON_BLOCKS = YES;
				GCC_OPTIMIZATION_LEVEL = 0;
				GCC_PREPROCESSOR_DEFINITIONS = (
					"DEBUG=1",
					"$(inherited)",
				);
				GCC_WARN_64_TO_32_BIT_CONVERSION = YES;
				GCC_WARN_ABOUT_RETURN_TYPE = YES_ERROR;
				GCC_WARN_UNDECLARED_SELECTOR = YES;
				GCC_WARN_UNINITIALIZED_AUTOS = YES_AGGRESSIVE;
				GCC_WARN_UNUSED_FUNCTION = YES;
				GCC_WARN_UNUSED_VARIABLE = YES;
				IPHONEOS_DEPLOYMENT_TARGET = 18.2;
				LOCALIZATION_PREFERS_STRING_CATALOGS = YES;
				MTL_ENABLE_DEBUG_INFO = INCLUDE_SOURCE;
				MTL_FAST_MATH = YES;
				ONLY_ACTIVE_ARCH = YES;
				SDKROOT = iphoneos;
				SWIFT_ACTIVE_COMPILATION_CONDITIONS = "DEBUG $(inherited)";
				SWIFT_OPTIMIZATION_LEVEL = "-Onone";
			};
			name = Debug;
		};
		E74D25762F1581FD00D425AB /* Release */ = {
			isa = XCBuildConfiguration;
			buildSettings = {
				ALWAYS_SEARCH_USER_PATHS = NO;
				ASSETCATALOG_COMPILER_GENERATE_SWIFT_ASSET_SYMBOL_EXTENSIONS = YES;
				CLANG_ANALYZER_NONNULL = YES;
				CLANG_ANALYZER_NUMBER_OBJECT_CONVERSION = YES_AGGRESSIVE;
				CLANG_CXX_LANGUAGE_STANDARD = "gnu++20";
				CLANG_ENABLE_MODULES = YES;
				CLANG_ENABLE_OBJC_ARC = YES;
				CLANG_ENABLE_OBJC_WEAK = YES;
				CLANG_WARN_BLOCK_CAPTURE_AUTORELEASING = YES;
				CLANG_WARN_BOOL_CONVERSION = YES;
				CLANG_WARN_COMMA = YES;
				CLANG_WARN_CONSTANT_CONVERSION = YES;
				CLANG_WARN_DEPRECATED_OBJC_IMPLEMENTATIONS = YES;
				CLANG_WARN_DIRECT_OBJC_ISA_USAGE = YES_ERROR;
				CLANG_WARN_DOCUMENTATION_COMMENTS = YES;
				CLANG_WARN_EMPTY_BODY = YES;
				CLANG_WARN_ENUM_CONVERSION = YES;
				CLANG_WARN_INFINITE_RECURSION = YES;
				CLANG_WARN_INT_CONVERSION = YES;
				CLANG_WARN_NON_LITERAL_NULL_CONVERSION = YES;
				CLANG_WARN_OBJC_IMPLICIT_RETAIN_SELF = YES;
				CLANG_WARN_OBJC_LITERAL_CONVERSION = YES;
				CLANG_WARN_OBJC_ROOT_CLASS = YES_ERROR;
				CLANG_WARN_QUOTED_INCLUDE_IN_FRAMEWORK_HEADER = YES;
				CLANG_WARN_RANGE_LOOP_ANALYSIS = YES;
				CLANG_WARN_STRICT_PROTOTYPES = YES;
				CLANG_WARN_SUSPICIOUS_MOVE = YES;
				CLANG_WARN_UNGUARDED_AVAILABILITY = YES_AGGRESSIVE;
				CLANG_WARN_UNREACHABLE_CODE = YES;
				CLANG_WARN__DUPLICATE_METHOD_MATCH = YES;
				COPY_PHASE_STRIP = NO;
				DEBUG_INFORMATION_FORMAT = "dwarf-with-dsym";
				ENABLE_NS_ASSERTIONS = NO;
				ENABLE_STRICT_OBJC_MSGSEND = YES;
				ENABLE_USER_SCRIPT_SANDBOXING = YES;
				GCC_C_LANGUAGE_STANDARD = gnu17;
				GCC_NO_COMMON_BLOCKS = YES;
				GCC_WARN_64_TO_32_BIT_CONVERSION = YES;
				GCC_WARN_ABOUT_RETURN_TYPE = YES_ERROR;
				GCC_WARN_UNDECLARED_SELECTOR = YES;
				GCC_WARN_UNINITIALIZED_AUTOS = YES_AGGRESSIVE;
				GCC_WARN_UNUSED_FUNCTION = YES;
				GCC_WARN_UNUSED_VARIABLE = YES;
				IPHONEOS_DEPLOYMENT_TARGET = 18.2;
				LOCALIZATION_PREFERS_STRING_CATALOGS = YES;
				MTL_ENABLE_DEBUG_INFO = NO;
				MTL_FAST_MATH = YES;
				SDKROOT = iphoneos;
				SWIFT_COMPILATION_MODE = wholemodule;
				VALIDATE_PRODUCT = YES;
			};
			name = Release;
		};
		E74D25782F1581FD00D425AB /* Debug */ = {
			isa = XCBuildConfiguration;
			buildSettings = {
				ASSETCATALOG_COMPILER_APPICON_NAME = AppIcon;
				ASSETCATALOG_COMPILER_GLOBAL_ACCENT_COLOR_NAME = AccentColor;
				CODE_SIGN_STYLE = Automatic;
				CURRENT_PROJECT_VERSION = 1;
				DEVELOPMENT_ASSET_PATHS = "\"WordGarden/Preview Content\"";
				ENABLE_PREVIEWS = YES;
				GENERATE_INFOPLIST_FILE = YES;
				INFOPLIST_FILE = WordGarden/Info.plist;
				INFOPLIST_KEY_UIApplicationSceneManifest_Generation = YES;
				INFOPLIST_KEY_UIApplicationSupportsIndirectInputEvents = YES;
				INFOPLIST_KEY_UISupportedInterfaceOrientations_iPad = "UIInterfaceOrientationPortrait UIInterfaceOrientationPortraitUpsideDown UIInterfaceOrientationLandscapeLeft UIInterfaceOrientationLandscapeRight";
				INFOPLIST_KEY_UISupportedInterfaceOrientations_iPhone = "UIInterfaceOrientationPortrait UIInterfaceOrientationLandscapeLeft UIInterfaceOrientationLandscapeRight";
				LD_RUNPATH_SEARCH_PATHS = (
					"$(inherited)",
					"@executable_path/Frameworks",
				);
				MARKETING_VERSION = 1.0;
				PRODUCT_BUNDLE_IDENTIFIER = tonybalony.WordGarden;
				PRODUCT_NAME = "$(TARGET_NAME)";
				SWIFT_EMIT_LOC_STRINGS = YES;
				SWIFT_VERSION = 5.0;
				TARGETED_DEVICE_FAMILY = "1,2";
			};
			name = Debug;
		};
		E74D25792F1581FD00D425AB /* Release */ = {
			isa = XCBuildConfiguration;
			buildSettings = {
				ASSETCATALOG_COMPILER_APPICON_NAME = AppIcon;
				ASSETCATALOG_COMPILER_GLOBAL_ACCENT_COLOR_NAME = AccentColor;
				CODE_SIGN_STYLE = Automatic;
				CURRENT_PROJECT_VERSION = 1;
				DEVELOPMENT_ASSET_PATHS = "\"WordGarden/Preview Content\"";
				ENABLE_PREVIEWS = YES;
				GENERATE_INFOPLIST_FILE = YES;
				INFOPLIST_FILE = WordGarden/Info.plist;
				INFOPLIST_KEY_UIApplicationSceneManifest_Generation = YES;
				INFOPLIST_KEY_UIApplicationSupportsIndirectInputEvents = YES;
				INFOPLIST_KEY_UISupportedInterfaceOrientations_iPad = "UIInterfaceOrientationPortrait UIInterfaceOrientationPortraitUpsideDown UIInterfaceOrientationLandscapeLeft UIInterfaceOrientationLandscapeRight";
				INFOPLIST_KEY_UISupportedInterfaceOrientations_iPhone = "UIInterfaceOrientationPortrait UIInterfaceOrientationLandscapeLeft UIInterfaceOrientationLandscapeRight";
				LD_RUNPATH_SEARCH_PATHS = (
					"$(inherited)",
					"@executable_path/Frameworks",
				);
				MARKETING_VERSION = 1.0;
				PRODUCT_BUNDLE_IDENTIFIER = tonybalony.WordGarden;
				PRODUCT_NAME = "$(TARGET_NAME)";
				SWIFT_EMIT_LOC_STRINGS = YES;
				SWIFT_VERSION = 5.0;
				TARGETED_DEVICE_FAMILY = "1,2";
			};
			name = Release;
		};
		E74D257B2F1581FD00D425AB /* Debug */ = {
			isa = XCBuildConfiguration;
			buildSettings = {
				BUNDLE_LOADER = "$(TEST_HOST)";
				CODE_SIGN_STYLE = Automatic;
				CURRENT_PROJECT_VERSION = 1;
				GENERATE_INFOPLIST_FILE = YES;
				IPHONEOS_DEPLOYMENT_TARGET = 18.2;
				MARKETING_VERSION = 1.0;
				PRODUCT_BUNDLE_IDENTIFIER = tonybalony.WordGardenTests;
				PRODUCT_NAME = "$(TARGET_NAME)";
				SWIFT_EMIT_LOC_STRINGS = NO;
				SWIFT_VERSION = 5.0;
				TARGETED_DEVICE_FAMILY = "1,2";
				TEST_HOST = "$(BUILT_PRODUCTS_DIR)/WordGarden.app/$(BUNDLE_EXECUTABLE_FOLDER_PATH)/WordGarden";
			};
			name = Debug;
		};
		E74D257C2F1581FD00D425AB /* Release */ = {
			isa = XCBuildConfiguration;
			buildSettings = {
				BUNDLE_LOADER = "$(TEST_HOST)";
				CODE_SIGN_STYLE = Automatic;
				CURRENT_PROJECT_VERSION = 1;
				GENERATE_INFOPLIST_FILE = YES;
				IPHONEOS_DEPLOYMENT_TARGET = 18.2;
				MARKETING_VERSION = 1.0;
				PRODUCT_BUNDLE_IDENTIFIER = tonybalony.WordGardenTests;
				PRODUCT_NAME = "$(TARGET_NAME)";
				SWIFT_EMIT_LOC_STRINGS = NO;
				SWIFT_VERSION = 5.0;
				TARGETED_DEVICE_FAMILY = "1,2";
				TEST_HOST = "$(BUILT_PRODUCTS_DIR)/WordGarden.app/$(BUNDLE_EXECUTABLE_FOLDER_PATH)/WordGarden";
			};
			name = Release;
		};
		E74D257E2F1581FD00D425AB /* Debug */ = {
			isa = XCBuildConfiguration;
			buildSettings = {
				CODE_SIGN_STYLE = Automatic;
				CURRENT_PROJECT_VERSION = 1;
				GENERATE_INFOPLIST_FILE = YES;
				MARKETING_VERSION = 1.0;
				PRODUCT_BUNDLE_IDENTIFIER = tonybalony.WordGardenUITests;
				PRODUCT_NAME = "$(TARGET_NAME)";
				SWIFT_EMIT_LOC_STRINGS = NO;
				SWIFT_VERSION = 5.0;
				TARGETED_DEVICE_FAMILY = "1,2";
				TEST_TARGET_NAME = WordGarden;
			};
			name = Debug;
		};
		E74D257F2F1581FD00D425AB /* Release */ = {
			isa = XCBuildConfiguration;
			buildSettings = {
				CODE_SIGN_STYLE = Automatic;
				CURRENT_PROJECT_VERSION = 1;
				GENERATE_INFOPLIST_FILE = YES;
				MARKETING_VERSION = 1.0;
				PRODUCT_BUNDLE_IDENTIFIER = tonybalony.WordGardenUITests;
				PRODUCT_NAME = "$(TARGET_NAME)";
				SWIFT_EMIT_LOC_STRINGS = NO;
				SWIFT_VERSION = 5.0;
				TARGETED_DEVICE_FAMILY = "1,2";
				TEST_TARGET_NAME = WordGarden;
			};
			name = Release;
		};
/* End XCBuildConfiguration section */

/* Begin XCConfigurationList section */
		E74D254E2F1581FB00D425AB /* Build configuration list for PBXProject "WordGarden" */ = {
			isa = XCConfigurationList;
			buildConfigurations = (
				E74D25752F1581FD00D425AB /* Debug */,
				E74D25762F1581FD00D425AB /* Release */,
			);
			defaultConfigurationIsVisible = 0;
			defaultConfigurationName = Release;
		};
		E74D25772F1581FD00D425AB /* Build configuration list for PBXNativeTarget "WordGarden" */ = {
			isa = XCConfigurationList;
			buildConfigurations = (
				E74D25782F1581FD00D425AB /* Debug */,
				E74D25792F1581FD00D425AB /* Release */,
			);
			defaultConfigurationIsVisible = 0;
			defaultConfigurationName = Release;
		};
		E74D257A2F1581FD00D425AB /* Build configuration list for PBXNativeTarget "WordGardenTests" */ = {
			isa = XCConfigurationList;
			buildConfigurations = (
				E74D257B2F1581FD00D425AB /* Debug */,
				E74D257C2F1581FD00D425AB /* Release */,
			);
			defaultConfigurationIsVisible = 0;
			defaultConfigurationName = Release;
		};
		E74D257D2F1581FD00D425AB /* Build configuration list for PBXNativeTarget "WordGardenUITests" */ = {
			isa = XCConfigurationList;
			buildConfigurations = (
				E74D257E2F1581FD00D425AB /* Debug */,
				E74D257F2F1581FD00D425AB /* Release */,
			);
			defaultConfigurationIsVisible = 0;
			defaultConfigurationName = Release;
		};
/* End XCConfigurationList section */
	};
	rootObject = E74D254B2F1581FB00D425AB /* Project object */;
}
